
Microsoft Visual Studio Solution File, Format Version 12.00
Project("{FAE04EC0-301F-11D3-BF4B-00C04F79EFBC}") = "NetCoreDemo", "NetCoreDemo.csproj", "{00699083-B8A2-4100-936D-2E31B2710394}"
EndProject
Global
	GlobalSection(SolutionConfigurationPlatforms) = preSolution
		Debug|Any CPU = Debug|Any CPU
		Release|Any CPU = Release|Any CPU
	EndGlobalSection
	GlobalSection(ProjectConfigurationPlatforms) = postSolution
		{00699083-B8A2-4100-936D-2E31B2710394}.Debug|Any CPU.ActiveCfg = Debug|Any CPU
		{00699083-B8A2-4100-936D-2E31B2710394}.Debug|Any CPU.Build.0 = Debug|Any CPU
		{00699083-B8A2-4100-936D-2E31B2710394}.Release|Any CPU.ActiveCfg = Release|Any CPU
		{00699083-B8A2-4100-936D-2E31B2710394}.Release|Any CPU.Build.0 = Release|Any CPU
	EndGlobalSection
EndGlobal
